// !$*UTF8*$!
{
	archiveVersion = 1;
	classes = {
	};
	objectVersion = 55;
	objects = {

/* Begin PBXBuildFile section */
		CF1B52D627666AA80078ED4E /* AppFeature in Frameworks */ = {isa = PBXBuildFile; productRef = CF1B52D527666AA80078ED4E /* AppFeature */; };
		CF54AEB02764F7EE00D57473 /* VagemcastApp.swift in Sources */ = {isa = PBXBuildFile; fileRef = CF54AEAF2764F7EE00D57473 /* VagemcastApp.swift */; };
		CF54AEB42764F7EF00D57473 /* Assets.xcassets in Resources */ = {isa = PBXBuildFile; fileRef = CF54AEB32764F7EF00D57473 /* Assets.xcassets */; };
		CF54AEB72764F7EF00D57473 /* Preview Assets.xcassets in Resources */ = {isa = PBXBuildFile; fileRef = CF54AEB62764F7EF00D57473 /* Preview Assets.xcassets */; };
		CF54AEE22764FDD900D57473 /* ComposableArchitecture in Frameworks */ = {isa = PBXBuildFile; productRef = CF54AEE12764FDD900D57473 /* ComposableArchitecture */; };
		CF54AEEB2764FE6100D57473 /* SwiftUINavigation in Frameworks */ = {isa = PBXBuildFile; productRef = CF54AEEA2764FE6100D57473 /* SwiftUINavigation */; };
/* End PBXBuildFile section */

/* Begin PBXFileReference section */
		CF54AEAC2764F7EE00D57473 /* vagemcast.app */ = {isa = PBXFileReference; explicitFileType = wrapper.application; includeInIndex = 0; path = vagemcast.app; sourceTree = BUILT_PRODUCTS_DIR; };
		CF54AEAF2764F7EE00D57473 /* VagemcastApp.swift */ = {isa = PBXFileReference; lastKnownFileType = sourcecode.swift; path = VagemcastApp.swift; sourceTree = "<group>"; };
		CF54AEB32764F7EF00D57473 /* Assets.xcassets */ = {isa = PBXFileReference; lastKnownFileType = folder.assetcatalog; path = Assets.xcassets; sourceTree = "<group>"; };
		CF54AEB62764F7EF00D57473 /* Preview Assets.xcassets */ = {isa = PBXFileReference; lastKnownFileType = folder.assetcatalog; path = "Preview Assets.xcassets"; sourceTree = "<group>"; };
		CF54AEDA2764FA6900D57473 /* vagemcast */ = {isa = PBXFileReference; lastKnownFileType = wrapper; name = vagemcast; path = ..; sourceTree = "<group>"; };
/* End PBXFileReference section */

/* Begin PBXFrameworksBuildPhase section */
		CF54AEA92764F7EE00D57473 /* Frameworks */ = {
			isa = PBXFrameworksBuildPhase;
			buildActionMask = 2147483647;
			files = (
				CF54AEEB2764FE6100D57473 /* SwiftUINavigation in Frameworks */,
				CF54AEE22764FDD900D57473 /* ComposableArchitecture in Frameworks */,
				CF1B52D627666AA80078ED4E /* AppFeature in Frameworks */,
			);
			runOnlyForDeploymentPostprocessing = 0;
		};
/* End PBXFrameworksBuildPhase section */

/* Begin PBXGroup section */
		CF1B52D427666AA80078ED4E /* Frameworks */ = {
			isa = PBXGroup;
			children = (
			);
			name = Frameworks;
			sourceTree = "<group>";
		};
		CF1B52D727666AC70078ED4E /* Resources */ = {
			isa = PBXGroup;
			children = (
				CF54AEB32764F7EF00D57473 /* Assets.xcassets */,
				CF54AEB52764F7EF00D57473 /* Preview Content */,
			);
			path = Resources;
			sourceTree = "<group>";
		};
		CF54AEA32764F7EE00D57473 = {
			isa = PBXGroup;
			children = (
				CF54AEDA2764FA6900D57473 /* vagemcast */,
				CF54AEAE2764F7EE00D57473 /* iOS */,
				CF54AEAD2764F7EE00D57473 /* Products */,
				CF1B52D427666AA80078ED4E /* Frameworks */,
			);
			sourceTree = "<group>";
		};
		CF54AEAD2764F7EE00D57473 /* Products */ = {
			isa = PBXGroup;
			children = (
				CF54AEAC2764F7EE00D57473 /* vagemcast.app */,
			);
			name = Products;
			sourceTree = "<group>";
		};
		CF54AEAE2764F7EE00D57473 /* iOS */ = {
			isa = PBXGroup;
			children = (
				CF1B52D727666AC70078ED4E /* Resources */,
				CF54AEAF2764F7EE00D57473 /* VagemcastApp.swift */,
			);
			path = iOS;
			sourceTree = "<group>";
		};
		CF54AEB52764F7EF00D57473 /* Preview Content */ = {
			isa = PBXGroup;
			children = (
				CF54AEB62764F7EF00D57473 /* Preview Assets.xcassets */,
			);
			path = "Preview Content";
			sourceTree = "<group>";
		};
/* End PBXGroup section */

/* Begin PBXNativeTarget section */
		CF54AEAB2764F7EE00D57473 /* vagemcast */ = {
			isa = PBXNativeTarget;
			buildConfigurationList = CF54AEBA2764F7EF00D57473 /* Build configuration list for PBXNativeTarget "vagemcast" */;
			buildPhases = (
				CF54AEA82764F7EE00D57473 /* Sources */,
				CF54AEA92764F7EE00D57473 /* Frameworks */,
				CF54AEAA2764F7EE00D57473 /* Resources */,
			);
			buildRules = (
			);
			dependencies = (
			);
			name = vagemcast;
			packageProductDependencies = (
				CF54AEE12764FDD900D57473 /* ComposableArchitecture */,
				CF54AEEA2764FE6100D57473 /* SwiftUINavigation */,
				CF1B52D527666AA80078ED4E /* AppFeature */,
			);
			productName = vagemcast;
			productReference = CF54AEAC2764F7EE00D57473 /* vagemcast.app */;
			productType = "com.apple.product-type.application";
		};
/* End PBXNativeTarget section */

/* Begin PBXProject section */
		CF54AEA42764F7EE00D57473 /* Project object */ = {
			isa = PBXProject;
			attributes = {
				BuildIndependentTargetsInParallel = 1;
				LastSwiftUpdateCheck = 1320;
				LastUpgradeCheck = 1320;
				TargetAttributes = {
					CF54AEAB2764F7EE00D57473 = {
						CreatedOnToolsVersion = 13.2;
					};
				};
			};
			buildConfigurationList = CF54AEA72764F7EE00D57473 /* Build configuration list for PBXProject "vagemcast" */;
			compatibilityVersion = "Xcode 13.0";
			developmentRegion = en;
			hasScannedForEncodings = 0;
			knownRegions = (
				en,
				Base,
			);
			mainGroup = CF54AEA32764F7EE00D57473;
			packageReferences = (
				CF54AEE02764FDD900D57473 /* XCRemoteSwiftPackageReference "swift-composable-architecture" */,
				CF54AEE92764FE6100D57473 /* XCRemoteSwiftPackageReference "swiftui-navigation" */,
			);
			productRefGroup = CF54AEAD2764F7EE00D57473 /* Products */;
			projectDirPath = "";
			projectRoot = "";
			targets = (
				CF54AEAB2764F7EE00D57473 /* vagemcast */,
			);
		};
/* End PBXProject section */

/* Begin PBXResourcesBuildPhase section */
		CF54AEAA2764F7EE00D57473 /* Resources */ = {
			isa = PBXResourcesBuildPhase;
			buildActionMask = 2147483647;
			files = (
				CF54AEB72764F7EF00D57473 /* Preview Assets.xcassets in Resources */,
				CF54AEB42764F7EF00D57473 /* Assets.xcassets in Resources */,
			);
			runOnlyForDeploymentPostprocessing = 0;
		};
/* End PBXResourcesBuildPhase section */

/* Begin PBXSourcesBuildPhase section */
		CF54AEA82764F7EE00D57473 /* Sources */ = {
			isa = PBXSourcesBuildPhase;
			buildActionMask = 2147483647;
			files = (
				CF54AEB02764F7EE00D57473 /* VagemcastApp.swift in Sources */,
			);
			runOnlyForDeploymentPostprocessing = 0;
		};
/* End PBXSourcesBuildPhase section */

/* Begin XCBuildConfiguration section */
		CF54AEB82764F7EF00D57473 /* Debug */ = {
			isa = XCBuildConfiguration;
			buildSettings = {
				ALWAYS_SEARCH_USER_PATHS = NO;
				CLANG_ANALYZER_NONNULL = YES;
				CLANG_ANALYZER_NUMBER_OBJECT_CONVERSION = YES_AGGRESSIVE;
				CLANG_CXX_LANGUAGE_STANDARD = "gnu++17";
				CLANG_CXX_LIBRARY = "libc++";
				CLANG_ENABLE_MODULES = YES;
				CLANG_ENABLE_OBJC_ARC = YES;
				CLANG_ENABLE_OBJC_WEAK = YES;
				CLANG_WARN_BLOCK_CAPTURE_AUTORELEASING = YES;
				CLANG_WARN_BOOL_CONVERSION = YES;
				CLANG_WARN_COMMA = YES;
				CLANG_WARN_CONSTANT_CONVERSION = YES;
				CLANG_WARN_DEPRECATED_OBJC_IMPLEMENTATIONS = YES;
				CLANG_WARN_DIRECT_OBJC_ISA_USAGE = YES_ERROR;
				CLANG_WARN_DOCUMENTATION_COMMENTS = YES;
				CLANG_WARN_EMPTY_BODY = YES;
				CLANG_WARN_ENUM_CONVERSION = YES;
				CLANG_WARN_INFINITE_RECURSION = YES;
				CLANG_WARN_INT_CONVERSION = YES;
				CLANG_WARN_NON_LITERAL_NULL_CONVERSION = YES;
				CLANG_WARN_OBJC_IMPLICIT_RETAIN_SELF = YES;
				CLANG_WARN_OBJC_LITERAL_CONVERSION = YES;
				CLANG_WARN_OBJC_ROOT_CLASS = YES_ERROR;
				CLANG_WARN_QUOTED_INCLUDE_IN_FRAMEWORK_HEADER = YES;
				CLANG_WARN_RANGE_LOOP_ANALYSIS = YES;
				CLANG_WARN_STRICT_PROTOTYPES = YES;
				CLANG_WARN_SUSPICIOUS_MOVE = YES;
				CLANG_WARN_UNGUARDED_AVAILABILITY = YES_AGGRESSIVE;
				CLANG_WARN_UNREACHABLE_CODE = YES;
				CLANG_WARN__DUPLICATE_METHOD_MATCH = YES;
				COPY_PHASE_STRIP = NO;
				DEBUG_INFORMATION_FORMAT = dwarf;
				ENABLE_STRICT_OBJC_MSGSEND = YES;
				ENABLE_TESTABILITY = YES;
				GCC_C_LANGUAGE_STANDARD = gnu11;
				GCC_DYNAMIC_NO_PIC = NO;
				GCC_NO_COMMON_BLOCKS = YES;
				GCC_OPTIMIZATION_LEVEL = 0;
				GCC_PREPROCESSOR_DEFINITIONS = (
					"DEBUG=1",
					"$(inherited)",
				);
				GCC_WARN_64_TO_32_BIT_CONVERSION = YES;
				GCC_WARN_ABOUT_RETURN_TYPE = YES_ERROR;
				GCC_WARN_UNDECLARED_SELECTOR = YES;
				GCC_WARN_UNINITIALIZED_AUTOS = YES_AGGRESSIVE;
				GCC_WARN_UNUSED_FUNCTION = YES;
				GCC_WARN_UNUSED_VARIABLE = YES;
				IPHONEOS_DEPLOYMENT_TARGET = 15.2;
				MTL_ENABLE_DEBUG_INFO = INCLUDE_SOURCE;
				MTL_FAST_MATH = YES;
				ONLY_ACTIVE_ARCH = YES;
				SDKROOT = iphoneos;
				SWIFT_ACTIVE_COMPILATION_CONDITIONS = DEBUG;
				SWIFT_OPTIMIZATION_LEVEL = "-Onone";
			};
			name = Debug;
		};
		CF54AEB92764F7EF00D57473 /* Release */ = {
			isa = XCBuildConfiguration;
			buildSettings = {
				ALWAYS_SEARCH_USER_PATHS = NO;
				CLANG_ANALYZER_NONNULL = YES;
				CLANG_ANALYZER_NUMBER_OBJECT_CONVERSION = YES_AGGRESSIVE;
				CLANG_CXX_LANGUAGE_STANDARD = "gnu++17";
				CLANG_CXX_LIBRARY = "libc++";
				CLANG_ENABLE_MODULES = YES;
				CLANG_ENABLE_OBJC_ARC = YES;
				CLANG_ENABLE_OBJC_WEAK = YES;
				CLANG_WARN_BLOCK_CAPTURE_AUTORELEASING = YES;
				CLANG_WARN_BOOL_CONVERSION = YES;
				CLANG_WARN_COMMA = YES;
				CLANG_WARN_CONSTANT_CONVERSION = YES;
				CLANG_WARN_DEPRECATED_OBJC_IMPLEMENTATIONS = YES;
				CLANG_WARN_DIRECT_OBJC_ISA_USAGE = YES_ERROR;
				CLANG_WARN_DOCUMENTATION_COMMENTS = YES;
				CLANG_WARN_EMPTY_BODY = YES;
				CLANG_WARN_ENUM_CONVERSION = YES;
				CLANG_WARN_INFINITE_RECURSION = YES;
				CLANG_WARN_INT_CONVERSION = YES;
				CLANG_WARN_NON_LITERAL_NULL_CONVERSION = YES;
				CLANG_WARN_OBJC_IMPLICIT_RETAIN_SELF = YES;
				CLANG_WARN_OBJC_LITERAL_CONVERSION = YES;
				CLANG_WARN_OBJC_ROOT_CLASS = YES_ERROR;
				CLANG_WARN_QUOTED_INCLUDE_IN_FRAMEWORK_HEADER = YES;
				CLANG_WARN_RANGE_LOOP_ANALYSIS = YES;
				CLANG_WARN_STRICT_PROTOTYPES = YES;
				CLANG_WARN_SUSPICIOUS_MOVE = YES;
				CLANG_WARN_UNGUARDED_AVAILABILITY = YES_AGGRESSIVE;
				CLANG_WARN_UNREACHABLE_CODE = YES;
				CLANG_WARN__DUPLICATE_METHOD_MATCH = YES;
				COPY_PHASE_STRIP = NO;
				DEBUG_INFORMATION_FORMAT = "dwarf-with-dsym";
				ENABLE_NS_ASSERTIONS = NO;
				ENABLE_STRICT_OBJC_MSGSEND = YES;
				GCC_C_LANGUAGE_STANDARD = gnu11;
				GCC_NO_COMMON_BLOCKS = YES;
				GCC_WARN_64_TO_32_BIT_CONVERSION = YES;
				GCC_WARN_ABOUT_RETURN_TYPE = YES_ERROR;
				GCC_WARN_UNDECLARED_SELECTOR = YES;
				GCC_WARN_UNINITIALIZED_AUTOS = YES_AGGRESSIVE;
				GCC_WARN_UNUSED_FUNCTION = YES;
				GCC_WARN_UNUSED_VARIABLE = YES;
				IPHONEOS_DEPLOYMENT_TARGET = 15.2;
				MTL_ENABLE_DEBUG_INFO = NO;
				MTL_FAST_MATH = YES;
				SDKROOT = iphoneos;
				SWIFT_COMPILATION_MODE = wholemodule;
				SWIFT_OPTIMIZATION_LEVEL = "-O";
				VALIDATE_PRODUCT = YES;
			};
			name = Release;
		};
		CF54AEBB2764F7EF00D57473 /* Debug */ = {
			isa = XCBuildConfiguration;
			buildSettings = {
				ASSETCATALOG_COMPILER_APPICON_NAME = AppIcon;
				ASSETCATALOG_COMPILER_GLOBAL_ACCENT_COLOR_NAME = AccentColor;
				CODE_SIGN_STYLE = Automatic;
				CURRENT_PROJECT_VERSION = 1;
				DEVELOPMENT_ASSET_PATHS = "\"iOS/Resources/Preview Content\"";
				DEVELOPMENT_TEAM = 6CHZFW8V57;
				ENABLE_PREVIEWS = YES;
				GENERATE_INFOPLIST_FILE = YES;
				INFOPLIST_KEY_UIApplicationSceneManifest_Generation = YES;
				INFOPLIST_KEY_UIApplicationSupportsIndirectInputEvents = YES;
				INFOPLIST_KEY_UILaunchScreen_Generation = YES;
				INFOPLIST_KEY_UISupportedInterfaceOrientations_iPad = "UIInterfaceOrientationPortrait UIInterfaceOrientationPortraitUpsideDown UIInterfaceOrientationLandscapeLeft UIInterfaceOrientationLandscapeRight";
				INFOPLIST_KEY_UISupportedInterfaceOrientations_iPhone = "UIInterfaceOrientationPortrait UIInterfaceOrientationLandscapeLeft UIInterfaceOrientationLandscapeRight";
				LD_RUNPATH_SEARCH_PATHS = (
					"$(inherited)",
					"@executable_path/Frameworks",
				);
				MARKETING_VERSION = 1.0;
				PRODUCT_BUNDLE_IDENTIFIER = com.jjorgemoura.vagemcast;
				PRODUCT_NAME = "$(TARGET_NAME)";
				SWIFT_EMIT_LOC_STRINGS = YES;
				SWIFT_VERSION = 5.0;
				TARGETED_DEVICE_FAMILY = "1,2";
			};
			name = Debug;
		};
		CF54AEBC2764F7EF00D57473 /* Release */ = {
			isa = XCBuildConfiguration;
			buildSettings = {
				ASSETCATALOG_COMPILER_APPICON_NAME = AppIcon;
				ASSETCATALOG_COMPILER_GLOBAL_ACCENT_COLOR_NAME = AccentColor;
				CODE_SIGN_STYLE = Automatic;
				CURRENT_PROJECT_VERSION = 1;
				DEVELOPMENT_ASSET_PATHS = "\"iOS/Resources/Preview Content\"";
				DEVELOPMENT_TEAM = 6CHZFW8V57;
				ENABLE_PREVIEWS = YES;
				GENERATE_INFOPLIST_FILE = YES;
				INFOPLIST_KEY_UIApplicationSceneManifest_Generation = YES;
				INFOPLIST_KEY_UIApplicationSupportsIndirectInputEvents = YES;
				INFOPLIST_KEY_UILaunchScreen_Generation = YES;
				INFOPLIST_KEY_UISupportedInterfaceOrientations_iPad = "UIInterfaceOrientationPortrait UIInterfaceOrientationPortraitUpsideDown UIInterfaceOrientationLandscapeLeft UIInterfaceOrientationLandscapeRight";
				INFOPLIST_KEY_UISupportedInterfaceOrientations_iPhone = "UIInterfaceOrientationPortrait UIInterfaceOrientationLandscapeLeft UIInterfaceOrientationLandscapeRight";
				LD_RUNPATH_SEARCH_PATHS = (
					"$(inherited)",
					"@executable_path/Frameworks",
				);
				MARKETING_VERSION = 1.0;
				PRODUCT_BUNDLE_IDENTIFIER = com.jjorgemoura.vagemcast;
				PRODUCT_NAME = "$(TARGET_NAME)";
				SWIFT_EMIT_LOC_STRINGS = YES;
				SWIFT_VERSION = 5.0;
				TARGETED_DEVICE_FAMILY = "1,2";
			};
			name = Release;
		};
/* End XCBuildConfiguration section */

/* Begin XCConfigurationList section */
		CF54AEA72764F7EE00D57473 /* Build configuration list for PBXProject "vagemcast" */ = {
			isa = XCConfigurationList;
			buildConfigurations = (
				CF54AEB82764F7EF00D57473 /* Debug */,
				CF54AEB92764F7EF00D57473 /* Release */,
			);
			defaultConfigurationIsVisible = 0;
			defaultConfigurationName = Release;
		};
		CF54AEBA2764F7EF00D57473 /* Build configuration list for PBXNativeTarget "vagemcast" */ = {
			isa = XCConfigurationList;
			buildConfigurations = (
				CF54AEBB2764F7EF00D57473 /* Debug */,
				CF54AEBC2764F7EF00D57473 /* Release */,
			);
			defaultConfigurationIsVisible = 0;
			defaultConfigurationName = Release;
		};
/* End XCConfigurationList section */

/* Begin XCRemoteSwiftPackageReference section */
		CF54AEE02764FDD900D57473 /* XCRemoteSwiftPackageReference "swift-composable-architecture" */ = {
			isa = XCRemoteSwiftPackageReference;
			repositoryURL = "git@github.com:pointfreeco/swift-composable-architecture.git";
			requirement = {
				kind = upToNextMajorVersion;
				minimumVersion = 0.38.0;
			};
		};
		CF54AEE92764FE6100D57473 /* XCRemoteSwiftPackageReference "swiftui-navigation" */ = {
			isa = XCRemoteSwiftPackageReference;
			repositoryURL = "git@github.com:pointfreeco/swiftui-navigation.git";
			requirement = {
				kind = upToNextMajorVersion;
				minimumVersion = 0.1.0;
			};
		};
/* End XCRemoteSwiftPackageReference section */

/* Begin XCSwiftPackageProductDependency section */
		CF1B52D527666AA80078ED4E /* AppFeature */ = {
			isa = XCSwiftPackageProductDependency;
			productName = AppFeature;
		};
		CF54AEE12764FDD900D57473 /* ComposableArchitecture */ = {
			isa = XCSwiftPackageProductDependency;
			package = CF54AEE02764FDD900D57473 /* XCRemoteSwiftPackageReference "swift-composable-architecture" */;
			productName = ComposableArchitecture;
		};
		CF54AEEA2764FE6100D57473 /* SwiftUINavigation */ = {
			isa = XCSwiftPackageProductDependency;
			package = CF54AEE92764FE6100D57473 /* XCRemoteSwiftPackageReference "swiftui-navigation" */;
			productName = SwiftUINavigation;
		};
/* End XCSwiftPackageProductDependency section */
	};
	rootObject = CF54AEA42764F7EE00D57473 /* Project object */;
}
