// !$*UTF8*$!
{
	archiveVersion = 1;
	classes = {
	};
	objectVersion = 50;
	objects = {

/* Begin PBXBuildFile section */
		CFA054AF2664C56E0086E763 /* AppDelegate.swift in Sources */ = {isa = PBXBuildFile; fileRef = CFA054AE2664C56E0086E763 /* AppDelegate.swift */; };
		CFA054B12664C56E0086E763 /* SceneDelegate.swift in Sources */ = {isa = PBXBuildFile; fileRef = CFA054B02664C56E0086E763 /* SceneDelegate.swift */; };
		CFA054B32664C56E0086E763 /* ViewController.swift in Sources */ = {isa = PBXBuildFile; fileRef = CFA054B22664C56E0086E763 /* ViewController.swift */; };
		CFA054B82664C5700086E763 /* Assets.xcassets in Resources */ = {isa = PBXBuildFile; fileRef = CFA054B72664C5700086E763 /* Assets.xcassets */; };
		CFA054BB2664C5700086E763 /* LaunchScreen.storyboard in Resources */ = {isa = PBXBuildFile; fileRef = CFA054B92664C5700086E763 /* LaunchScreen.storyboard */; };
		CFA054C62664C5700086E763 /* VagemcastTests.swift in Sources */ = {isa = PBXBuildFile; fileRef = CFA054C52664C5700086E763 /* VagemcastTests.swift */; };
		CFA054D12664C5700086E763 /* VagemcastUITests.swift in Sources */ = {isa = PBXBuildFile; fileRef = CFA054D02664C5700086E763 /* VagemcastUITests.swift */; };
/* End PBXBuildFile section */

/* Begin PBXContainerItemProxy section */
		CFA054C22664C5700086E763 /* PBXContainerItemProxy */ = {
			isa = PBXContainerItemProxy;
			containerPortal = CFA054A32664C56E0086E763 /* Project object */;
			proxyType = 1;
			remoteGlobalIDString = CFA054AA2664C56E0086E763;
			remoteInfo = vagemcast;
		};
		CFA054CD2664C5700086E763 /* PBXContainerItemProxy */ = {
			isa = PBXContainerItemProxy;
			containerPortal = CFA054A32664C56E0086E763 /* Project object */;
			proxyType = 1;
			remoteGlobalIDString = CFA054AA2664C56E0086E763;
			remoteInfo = vagemcast;
		};
/* End PBXContainerItemProxy section */

/* Begin PBXFileReference section */
		CFA054AB2664C56E0086E763 /* vagemcast.app */ = {isa = PBXFileReference; explicitFileType = wrapper.application; includeInIndex = 0; path = vagemcast.app; sourceTree = BUILT_PRODUCTS_DIR; };
		CFA054AE2664C56E0086E763 /* AppDelegate.swift */ = {isa = PBXFileReference; lastKnownFileType = sourcecode.swift; path = AppDelegate.swift; sourceTree = "<group>"; };
		CFA054B02664C56E0086E763 /* SceneDelegate.swift */ = {isa = PBXFileReference; lastKnownFileType = sourcecode.swift; path = SceneDelegate.swift; sourceTree = "<group>"; };
		CFA054B22664C56E0086E763 /* ViewController.swift */ = {isa = PBXFileReference; lastKnownFileType = sourcecode.swift; path = ViewController.swift; sourceTree = "<group>"; };
		CFA054B72664C5700086E763 /* Assets.xcassets */ = {isa = PBXFileReference; lastKnownFileType = folder.assetcatalog; path = Assets.xcassets; sourceTree = "<group>"; };
		CFA054BA2664C5700086E763 /* Base */ = {isa = PBXFileReference; lastKnownFileType = file.storyboard; name = Base; path = Base.lproj/LaunchScreen.storyboard; sourceTree = "<group>"; };
		CFA054BC2664C5700086E763 /* Info.plist */ = {isa = PBXFileReference; lastKnownFileType = text.plist.xml; path = Info.plist; sourceTree = "<group>"; };
		CFA054C12664C5700086E763 /* vagemcastTests.xctest */ = {isa = PBXFileReference; explicitFileType = wrapper.cfbundle; includeInIndex = 0; path = vagemcastTests.xctest; sourceTree = BUILT_PRODUCTS_DIR; };
		CFA054C52664C5700086E763 /* VagemcastTests.swift */ = {isa = PBXFileReference; lastKnownFileType = sourcecode.swift; path = VagemcastTests.swift; sourceTree = "<group>"; };
		CFA054C72664C5700086E763 /* Info.plist */ = {isa = PBXFileReference; lastKnownFileType = text.plist.xml; path = Info.plist; sourceTree = "<group>"; };
		CFA054CC2664C5700086E763 /* vagemcastUITests.xctest */ = {isa = PBXFileReference; explicitFileType = wrapper.cfbundle; includeInIndex = 0; path = vagemcastUITests.xctest; sourceTree = BUILT_PRODUCTS_DIR; };
		CFA054D02664C5700086E763 /* VagemcastUITests.swift */ = {isa = PBXFileReference; lastKnownFileType = sourcecode.swift; path = VagemcastUITests.swift; sourceTree = "<group>"; };
		CFA054D22664C5700086E763 /* Info.plist */ = {isa = PBXFileReference; lastKnownFileType = text.plist.xml; path = Info.plist; sourceTree = "<group>"; };
/* End PBXFileReference section */

/* Begin PBXFrameworksBuildPhase section */
		CFA054A82664C56E0086E763 /* Frameworks */ = {
			isa = PBXFrameworksBuildPhase;
			buildActionMask = 2147483647;
			files = (
			);
			runOnlyForDeploymentPostprocessing = 0;
		};
		CFA054BE2664C5700086E763 /* Frameworks */ = {
			isa = PBXFrameworksBuildPhase;
			buildActionMask = 2147483647;
			files = (
			);
			runOnlyForDeploymentPostprocessing = 0;
		};
		CFA054C92664C5700086E763 /* Frameworks */ = {
			isa = PBXFrameworksBuildPhase;
			buildActionMask = 2147483647;
			files = (
			);
			runOnlyForDeploymentPostprocessing = 0;
		};
/* End PBXFrameworksBuildPhase section */

/* Begin PBXGroup section */
		CFA054A22664C56E0086E763 = {
			isa = PBXGroup;
			children = (
				CFA054AD2664C56E0086E763 /* vagemcast */,
				CFA054C42664C5700086E763 /* vagemcastTests */,
				CFA054CF2664C5700086E763 /* vagemcastUITests */,
				CFA054AC2664C56E0086E763 /* Products */,
			);
			sourceTree = "<group>";
		};
		CFA054AC2664C56E0086E763 /* Products */ = {
			isa = PBXGroup;
			children = (
				CFA054AB2664C56E0086E763 /* vagemcast.app */,
				CFA054C12664C5700086E763 /* vagemcastTests.xctest */,
				CFA054CC2664C5700086E763 /* vagemcastUITests.xctest */,
			);
			name = Products;
			sourceTree = "<group>";
		};
		CFA054AD2664C56E0086E763 /* vagemcast */ = {
			isa = PBXGroup;
			children = (
				CFA054DE2664CEA70086E763 /* application */,
				CFA054E12664CEB60086E763 /* features */,
				CFA054E02664CEB10086E763 /* resources */,
				CFA054DF2664CEAC0086E763 /* utilities */,
				CFA054BC2664C5700086E763 /* Info.plist */,
			);
			path = vagemcast;
			sourceTree = "<group>";
		};
		CFA054C42664C5700086E763 /* vagemcastTests */ = {
			isa = PBXGroup;
			children = (
				CFA054C52664C5700086E763 /* VagemcastTests.swift */,
				CFA054C72664C5700086E763 /* Info.plist */,
			);
			path = vagemcastTests;
			sourceTree = "<group>";
		};
		CFA054CF2664C5700086E763 /* vagemcastUITests */ = {
			isa = PBXGroup;
			children = (
				CFA054D02664C5700086E763 /* VagemcastUITests.swift */,
				CFA054D22664C5700086E763 /* Info.plist */,
			);
			path = vagemcastUITests;
			sourceTree = "<group>";
		};
		CFA054DE2664CEA70086E763 /* application */ = {
			isa = PBXGroup;
			children = (
			);
			path = application;
			sourceTree = "<group>";
		};
		CFA054DF2664CEAC0086E763 /* utilities */ = {
			isa = PBXGroup;
			children = (
			);
			path = utilities;
			sourceTree = "<group>";
		};
		CFA054E02664CEB10086E763 /* resources */ = {
			isa = PBXGroup;
			children = (
				CFA054B02664C56E0086E763 /* SceneDelegate.swift */,
				CFA054AE2664C56E0086E763 /* AppDelegate.swift */,
				CFA054B72664C5700086E763 /* Assets.xcassets */,
				CFA054B92664C5700086E763 /* LaunchScreen.storyboard */,
			);
			path = resources;
			sourceTree = "<group>";
		};
		CFA054E12664CEB60086E763 /* features */ = {
			isa = PBXGroup;
			children = (
				CFA054B22664C56E0086E763 /* ViewController.swift */,
			);
			path = features;
			sourceTree = "<group>";
		};
/* End PBXGroup section */

/* Begin PBXNativeTarget section */
		CFA054AA2664C56E0086E763 /* vagemcast */ = {
			isa = PBXNativeTarget;
			buildConfigurationList = CFA054D52664C5700086E763 /* Build configuration list for PBXNativeTarget "vagemcast" */;
			buildPhases = (
				CFA054A72664C56E0086E763 /* Sources */,
				CFA054A82664C56E0086E763 /* Frameworks */,
				CFA054A92664C56E0086E763 /* Resources */,
				CFA054E22664D0570086E763 /* Run Swiftlint Script */,
			);
			buildRules = (
			);
			dependencies = (
			);
			name = vagemcast;
			productName = vagemcast;
			productReference = CFA054AB2664C56E0086E763 /* vagemcast.app */;
			productType = "com.apple.product-type.application";
		};
		CFA054C02664C5700086E763 /* vagemcastTests */ = {
			isa = PBXNativeTarget;
			buildConfigurationList = CFA054D82664C5700086E763 /* Build configuration list for PBXNativeTarget "vagemcastTests" */;
			buildPhases = (
				CFA054BD2664C5700086E763 /* Sources */,
				CFA054BE2664C5700086E763 /* Frameworks */,
				CFA054BF2664C5700086E763 /* Resources */,
			);
			buildRules = (
			);
			dependencies = (
				CFA054C32664C5700086E763 /* PBXTargetDependency */,
			);
			name = vagemcastTests;
			productName = vagemcastTests;
			productReference = CFA054C12664C5700086E763 /* vagemcastTests.xctest */;
			productType = "com.apple.product-type.bundle.unit-test";
		};
		CFA054CB2664C5700086E763 /* vagemcastUITests */ = {
			isa = PBXNativeTarget;
			buildConfigurationList = CFA054DB2664C5700086E763 /* Build configuration list for PBXNativeTarget "vagemcastUITests" */;
			buildPhases = (
				CFA054C82664C5700086E763 /* Sources */,
				CFA054C92664C5700086E763 /* Frameworks */,
				CFA054CA2664C5700086E763 /* Resources */,
			);
			buildRules = (
			);
			dependencies = (
				CFA054CE2664C5700086E763 /* PBXTargetDependency */,
			);
			name = vagemcastUITests;
			productName = vagemcastUITests;
			productReference = CFA054CC2664C5700086E763 /* vagemcastUITests.xctest */;
			productType = "com.apple.product-type.bundle.ui-testing";
		};
/* End PBXNativeTarget section */

/* Begin PBXProject section */
		CFA054A32664C56E0086E763 /* Project object */ = {
			isa = PBXProject;
			attributes = {
				LastSwiftUpdateCheck = 1250;
				LastUpgradeCheck = 1250;
				TargetAttributes = {
					CFA054AA2664C56E0086E763 = {
						CreatedOnToolsVersion = 12.5;
					};
					CFA054C02664C5700086E763 = {
						CreatedOnToolsVersion = 12.5;
						TestTargetID = CFA054AA2664C56E0086E763;
					};
					CFA054CB2664C5700086E763 = {
						CreatedOnToolsVersion = 12.5;
						TestTargetID = CFA054AA2664C56E0086E763;
					};
				};
			};
			buildConfigurationList = CFA054A62664C56E0086E763 /* Build configuration list for PBXProject "vagemcast" */;
			compatibilityVersion = "Xcode 9.3";
			developmentRegion = en;
			hasScannedForEncodings = 0;
			knownRegions = (
				en,
				Base,
			);
			mainGroup = CFA054A22664C56E0086E763;
			productRefGroup = CFA054AC2664C56E0086E763 /* Products */;
			projectDirPath = "";
			projectRoot = "";
			targets = (
				CFA054AA2664C56E0086E763 /* vagemcast */,
				CFA054C02664C5700086E763 /* vagemcastTests */,
				CFA054CB2664C5700086E763 /* vagemcastUITests */,
			);
		};
/* End PBXProject section */

/* Begin PBXResourcesBuildPhase section */
		CFA054A92664C56E0086E763 /* Resources */ = {
			isa = PBXResourcesBuildPhase;
			buildActionMask = 2147483647;
			files = (
				CFA054BB2664C5700086E763 /* LaunchScreen.storyboard in Resources */,
				CFA054B82664C5700086E763 /* Assets.xcassets in Resources */,
			);
			runOnlyForDeploymentPostprocessing = 0;
		};
		CFA054BF2664C5700086E763 /* Resources */ = {
			isa = PBXResourcesBuildPhase;
			buildActionMask = 2147483647;
			files = (
			);
			runOnlyForDeploymentPostprocessing = 0;
		};
		CFA054CA2664C5700086E763 /* Resources */ = {
			isa = PBXResourcesBuildPhase;
			buildActionMask = 2147483647;
			files = (
			);
			runOnlyForDeploymentPostprocessing = 0;
		};
/* End PBXResourcesBuildPhase section */

/* Begin PBXShellScriptBuildPhase section */
		CFA054E22664D0570086E763 /* Run Swiftlint Script */ = {
			isa = PBXShellScriptBuildPhase;
			buildActionMask = 2147483647;
			files = (
			);
			inputFileListPaths = (
			);
			inputPaths = (
			);
			name = "Run Swiftlint Script";
			outputFileListPaths = (
			);
			outputPaths = (
			);
			runOnlyForDeploymentPostprocessing = 0;
			shellPath = /bin/sh;
			shellScript = "if which swiftlint >/dev/null; then\n  swiftlint\nelse\n  echo \"warning: SwiftLint not installed, download from https://github.com/realm/SwiftLint\"\nfi\n";
		};
/* End PBXShellScriptBuildPhase section */

/* Begin PBXSourcesBuildPhase section */
		CFA054A72664C56E0086E763 /* Sources */ = {
			isa = PBXSourcesBuildPhase;
			buildActionMask = 2147483647;
			files = (
				CFA054B32664C56E0086E763 /* ViewController.swift in Sources */,
				CFA054AF2664C56E0086E763 /* AppDelegate.swift in Sources */,
				CFA054B12664C56E0086E763 /* SceneDelegate.swift in Sources */,
			);
			runOnlyForDeploymentPostprocessing = 0;
		};
		CFA054BD2664C5700086E763 /* Sources */ = {
			isa = PBXSourcesBuildPhase;
			buildActionMask = 2147483647;
			files = (
				CFA054C62664C5700086E763 /* VagemcastTests.swift in Sources */,
			);
			runOnlyForDeploymentPostprocessing = 0;
		};
		CFA054C82664C5700086E763 /* Sources */ = {
			isa = PBXSourcesBuildPhase;
			buildActionMask = 2147483647;
			files = (
				CFA054D12664C5700086E763 /* VagemcastUITests.swift in Sources */,
			);
			runOnlyForDeploymentPostprocessing = 0;
		};
/* End PBXSourcesBuildPhase section */

/* Begin PBXTargetDependency section */
		CFA054C32664C5700086E763 /* PBXTargetDependency */ = {
			isa = PBXTargetDependency;
			target = CFA054AA2664C56E0086E763 /* vagemcast */;
			targetProxy = CFA054C22664C5700086E763 /* PBXContainerItemProxy */;
		};
		CFA054CE2664C5700086E763 /* PBXTargetDependency */ = {
			isa = PBXTargetDependency;
			target = CFA054AA2664C56E0086E763 /* vagemcast */;
			targetProxy = CFA054CD2664C5700086E763 /* PBXContainerItemProxy */;
		};
/* End PBXTargetDependency section */

/* Begin PBXVariantGroup section */
		CFA054B92664C5700086E763 /* LaunchScreen.storyboard */ = {
			isa = PBXVariantGroup;
			children = (
				CFA054BA2664C5700086E763 /* Base */,
			);
			name = LaunchScreen.storyboard;
			sourceTree = "<group>";
		};
/* End PBXVariantGroup section */

/* Begin XCBuildConfiguration section */
		CFA054D32664C5700086E763 /* Debug */ = {
			isa = XCBuildConfiguration;
			buildSettings = {
				ALWAYS_SEARCH_USER_PATHS = NO;
				CLANG_ANALYZER_NONNULL = YES;
				CLANG_ANALYZER_NUMBER_OBJECT_CONVERSION = YES_AGGRESSIVE;
				CLANG_CXX_LANGUAGE_STANDARD = "gnu++14";
				CLANG_CXX_LIBRARY = "libc++";
				CLANG_ENABLE_MODULES = YES;
				CLANG_ENABLE_OBJC_ARC = YES;
				CLANG_ENABLE_OBJC_WEAK = YES;
				CLANG_WARN_BLOCK_CAPTURE_AUTORELEASING = YES;
				CLANG_WARN_BOOL_CONVERSION = YES;
				CLANG_WARN_COMMA = YES;
				CLANG_WARN_CONSTANT_CONVERSION = YES;
				CLANG_WARN_DEPRECATED_OBJC_IMPLEMENTATIONS = YES;
				CLANG_WARN_DIRECT_OBJC_ISA_USAGE = YES_ERROR;
				CLANG_WARN_DOCUMENTATION_COMMENTS = YES;
				CLANG_WARN_EMPTY_BODY = YES;
				CLANG_WARN_ENUM_CONVERSION = YES;
				CLANG_WARN_INFINITE_RECURSION = YES;
				CLANG_WARN_INT_CONVERSION = YES;
				CLANG_WARN_NON_LITERAL_NULL_CONVERSION = YES;
				CLANG_WARN_OBJC_IMPLICIT_RETAIN_SELF = YES;
				CLANG_WARN_OBJC_LITERAL_CONVERSION = YES;
				CLANG_WARN_OBJC_ROOT_CLASS = YES_ERROR;
				CLANG_WARN_QUOTED_INCLUDE_IN_FRAMEWORK_HEADER = YES;
				CLANG_WARN_RANGE_LOOP_ANALYSIS = YES;
				CLANG_WARN_STRICT_PROTOTYPES = YES;
				CLANG_WARN_SUSPICIOUS_MOVE = YES;
				CLANG_WARN_UNGUARDED_AVAILABILITY = YES_AGGRESSIVE;
				CLANG_WARN_UNREACHABLE_CODE = YES;
				CLANG_WARN__DUPLICATE_METHOD_MATCH = YES;
				COPY_PHASE_STRIP = NO;
				CURRENT_PROJECT_VERSION = 1;
				DEBUG_INFORMATION_FORMAT = dwarf;
				ENABLE_STRICT_OBJC_MSGSEND = YES;
				ENABLE_TESTABILITY = YES;
				GCC_C_LANGUAGE_STANDARD = gnu11;
				GCC_DYNAMIC_NO_PIC = NO;
				GCC_NO_COMMON_BLOCKS = YES;
				GCC_OPTIMIZATION_LEVEL = 0;
				GCC_PREPROCESSOR_DEFINITIONS = (
					"DEBUG=1",
					"$(inherited)",
				);
				GCC_WARN_64_TO_32_BIT_CONVERSION = YES;
				GCC_WARN_ABOUT_RETURN_TYPE = YES_ERROR;
				GCC_WARN_UNDECLARED_SELECTOR = YES;
				GCC_WARN_UNINITIALIZED_AUTOS = YES_AGGRESSIVE;
				GCC_WARN_UNUSED_FUNCTION = YES;
				GCC_WARN_UNUSED_VARIABLE = YES;
				IPHONEOS_DEPLOYMENT_TARGET = 14.5;
				MTL_ENABLE_DEBUG_INFO = INCLUDE_SOURCE;
				MTL_FAST_MATH = YES;
				ONLY_ACTIVE_ARCH = YES;
				SDKROOT = iphoneos;
				SWIFT_ACTIVE_COMPILATION_CONDITIONS = DEBUG;
				SWIFT_OPTIMIZATION_LEVEL = "-Onone";
				VERSIONING_SYSTEM = "apple-generic";
			};
			name = Debug;
		};
		CFA054D42664C5700086E763 /* Release */ = {
			isa = XCBuildConfiguration;
			buildSettings = {
				ALWAYS_SEARCH_USER_PATHS = NO;
				CLANG_ANALYZER_NONNULL = YES;
				CLANG_ANALYZER_NUMBER_OBJECT_CONVERSION = YES_AGGRESSIVE;
				CLANG_CXX_LANGUAGE_STANDARD = "gnu++14";
				CLANG_CXX_LIBRARY = "libc++";
				CLANG_ENABLE_MODULES = YES;
				CLANG_ENABLE_OBJC_ARC = YES;
				CLANG_ENABLE_OBJC_WEAK = YES;
				CLANG_WARN_BLOCK_CAPTURE_AUTORELEASING = YES;
				CLANG_WARN_BOOL_CONVERSION = YES;
				CLANG_WARN_COMMA = YES;
				CLANG_WARN_CONSTANT_CONVERSION = YES;
				CLANG_WARN_DEPRECATED_OBJC_IMPLEMENTATIONS = YES;
				CLANG_WARN_DIRECT_OBJC_ISA_USAGE = YES_ERROR;
				CLANG_WARN_DOCUMENTATION_COMMENTS = YES;
				CLANG_WARN_EMPTY_BODY = YES;
				CLANG_WARN_ENUM_CONVERSION = YES;
				CLANG_WARN_INFINITE_RECURSION = YES;
				CLANG_WARN_INT_CONVERSION = YES;
				CLANG_WARN_NON_LITERAL_NULL_CONVERSION = YES;
				CLANG_WARN_OBJC_IMPLICIT_RETAIN_SELF = YES;
				CLANG_WARN_OBJC_LITERAL_CONVERSION = YES;
				CLANG_WARN_OBJC_ROOT_CLASS = YES_ERROR;
				CLANG_WARN_QUOTED_INCLUDE_IN_FRAMEWORK_HEADER = YES;
				CLANG_WARN_RANGE_LOOP_ANALYSIS = YES;
				CLANG_WARN_STRICT_PROTOTYPES = YES;
				CLANG_WARN_SUSPICIOUS_MOVE = YES;
				CLANG_WARN_UNGUARDED_AVAILABILITY = YES_AGGRESSIVE;
				CLANG_WARN_UNREACHABLE_CODE = YES;
				CLANG_WARN__DUPLICATE_METHOD_MATCH = YES;
				COPY_PHASE_STRIP = NO;
				CURRENT_PROJECT_VERSION = 1;
				DEBUG_INFORMATION_FORMAT = "dwarf-with-dsym";
				ENABLE_NS_ASSERTIONS = NO;
				ENABLE_STRICT_OBJC_MSGSEND = YES;
				GCC_C_LANGUAGE_STANDARD = gnu11;
				GCC_NO_COMMON_BLOCKS = YES;
				GCC_WARN_64_TO_32_BIT_CONVERSION = YES;
				GCC_WARN_ABOUT_RETURN_TYPE = YES_ERROR;
				GCC_WARN_UNDECLARED_SELECTOR = YES;
				GCC_WARN_UNINITIALIZED_AUTOS = YES_AGGRESSIVE;
				GCC_WARN_UNUSED_FUNCTION = YES;
				GCC_WARN_UNUSED_VARIABLE = YES;
				IPHONEOS_DEPLOYMENT_TARGET = 14.5;
				MTL_ENABLE_DEBUG_INFO = NO;
				MTL_FAST_MATH = YES;
				SDKROOT = iphoneos;
				SWIFT_COMPILATION_MODE = wholemodule;
				SWIFT_OPTIMIZATION_LEVEL = "-O";
				VALIDATE_PRODUCT = YES;
				VERSIONING_SYSTEM = "apple-generic";
			};
			name = Release;
		};
		CFA054D62664C5700086E763 /* Debug */ = {
			isa = XCBuildConfiguration;
			buildSettings = {
				ASSETCATALOG_COMPILER_APPICON_NAME = AppIcon;
				ASSETCATALOG_COMPILER_GLOBAL_ACCENT_COLOR_NAME = AccentColor;
				CODE_SIGN_STYLE = Automatic;
				DEVELOPMENT_TEAM = 6CHZFW8V57;
				INFOPLIST_FILE = vagemcast/Info.plist;
				LD_RUNPATH_SEARCH_PATHS = (
					"$(inherited)",
					"@executable_path/Frameworks",
				);
				MARKETING_VERSION = 0.0.1;
				PRODUCT_BUNDLE_IDENTIFIER = com.jjorgemoura.vagemcast;
				PRODUCT_NAME = "$(TARGET_NAME)";
				SWIFT_VERSION = 5.0;
				TARGETED_DEVICE_FAMILY = "1,2";
			};
			name = Debug;
		};
		CFA054D72664C5700086E763 /* Release */ = {
			isa = XCBuildConfiguration;
			buildSettings = {
				ASSETCATALOG_COMPILER_APPICON_NAME = AppIcon;
				ASSETCATALOG_COMPILER_GLOBAL_ACCENT_COLOR_NAME = AccentColor;
				CODE_SIGN_STYLE = Automatic;
				DEVELOPMENT_TEAM = 6CHZFW8V57;
				INFOPLIST_FILE = vagemcast/Info.plist;
				LD_RUNPATH_SEARCH_PATHS = (
					"$(inherited)",
					"@executable_path/Frameworks",
				);
				MARKETING_VERSION = 0.0.1;
				PRODUCT_BUNDLE_IDENTIFIER = com.jjorgemoura.vagemcast;
				PRODUCT_NAME = "$(TARGET_NAME)";
				SWIFT_VERSION = 5.0;
				TARGETED_DEVICE_FAMILY = "1,2";
			};
			name = Release;
		};
		CFA054D92664C5700086E763 /* Debug */ = {
			isa = XCBuildConfiguration;
			buildSettings = {
				ALWAYS_EMBED_SWIFT_STANDARD_LIBRARIES = YES;
				BUNDLE_LOADER = "$(TEST_HOST)";
				CODE_SIGN_STYLE = Automatic;
				DEVELOPMENT_TEAM = 6CHZFW8V57;
				INFOPLIST_FILE = vagemcastTests/Info.plist;
				IPHONEOS_DEPLOYMENT_TARGET = 14.5;
				LD_RUNPATH_SEARCH_PATHS = (
					"$(inherited)",
					"@executable_path/Frameworks",
					"@loader_path/Frameworks",
				);
				PRODUCT_BUNDLE_IDENTIFIER = com.jjorgemoura.vagemcastTests;
				PRODUCT_NAME = "$(TARGET_NAME)";
				SWIFT_VERSION = 5.0;
				TARGETED_DEVICE_FAMILY = "1,2";
				TEST_HOST = "$(BUILT_PRODUCTS_DIR)/vagemcast.app/vagemcast";
			};
			name = Debug;
		};
		CFA054DA2664C5700086E763 /* Release */ = {
			isa = XCBuildConfiguration;
			buildSettings = {
				ALWAYS_EMBED_SWIFT_STANDARD_LIBRARIES = YES;
				BUNDLE_LOADER = "$(TEST_HOST)";
				CODE_SIGN_STYLE = Automatic;
				DEVELOPMENT_TEAM = 6CHZFW8V57;
				INFOPLIST_FILE = vagemcastTests/Info.plist;
				IPHONEOS_DEPLOYMENT_TARGET = 14.5;
				LD_RUNPATH_SEARCH_PATHS = (
					"$(inherited)",
					"@executable_path/Frameworks",
					"@loader_path/Frameworks",
				);
				PRODUCT_BUNDLE_IDENTIFIER = com.jjorgemoura.vagemcastTests;
				PRODUCT_NAME = "$(TARGET_NAME)";
				SWIFT_VERSION = 5.0;
				TARGETED_DEVICE_FAMILY = "1,2";
				TEST_HOST = "$(BUILT_PRODUCTS_DIR)/vagemcast.app/vagemcast";
			};
			name = Release;
		};
		CFA054DC2664C5700086E763 /* Debug */ = {
			isa = XCBuildConfiguration;
			buildSettings = {
				ALWAYS_EMBED_SWIFT_STANDARD_LIBRARIES = YES;
				CODE_SIGN_STYLE = Automatic;
				DEVELOPMENT_TEAM = 6CHZFW8V57;
				INFOPLIST_FILE = vagemcastUITests/Info.plist;
				LD_RUNPATH_SEARCH_PATHS = (
					"$(inherited)",
					"@executable_path/Frameworks",
					"@loader_path/Frameworks",
				);
				PRODUCT_BUNDLE_IDENTIFIER = com.jjorgemoura.vagemcastUITests;
				PRODUCT_NAME = "$(TARGET_NAME)";
				SWIFT_VERSION = 5.0;
				TARGETED_DEVICE_FAMILY = "1,2";
				TEST_TARGET_NAME = vagemcast;
			};
			name = Debug;
		};
		CFA054DD2664C5700086E763 /* Release */ = {
			isa = XCBuildConfiguration;
			buildSettings = {
				ALWAYS_EMBED_SWIFT_STANDARD_LIBRARIES = YES;
				CODE_SIGN_STYLE = Automatic;
				DEVELOPMENT_TEAM = 6CHZFW8V57;
				INFOPLIST_FILE = vagemcastUITests/Info.plist;
				LD_RUNPATH_SEARCH_PATHS = (
					"$(inherited)",
					"@executable_path/Frameworks",
					"@loader_path/Frameworks",
				);
				PRODUCT_BUNDLE_IDENTIFIER = com.jjorgemoura.vagemcastUITests;
				PRODUCT_NAME = "$(TARGET_NAME)";
				SWIFT_VERSION = 5.0;
				TARGETED_DEVICE_FAMILY = "1,2";
				TEST_TARGET_NAME = vagemcast;
			};
			name = Release;
		};
/* End XCBuildConfiguration section */

/* Begin XCConfigurationList section */
		CFA054A62664C56E0086E763 /* Build configuration list for PBXProject "vagemcast" */ = {
			isa = XCConfigurationList;
			buildConfigurations = (
				CFA054D32664C5700086E763 /* Debug */,
				CFA054D42664C5700086E763 /* Release */,
			);
			defaultConfigurationIsVisible = 0;
			defaultConfigurationName = Release;
		};
		CFA054D52664C5700086E763 /* Build configuration list for PBXNativeTarget "vagemcast" */ = {
			isa = XCConfigurationList;
			buildConfigurations = (
				CFA054D62664C5700086E763 /* Debug */,
				CFA054D72664C5700086E763 /* Release */,
			);
			defaultConfigurationIsVisible = 0;
			defaultConfigurationName = Release;
		};
		CFA054D82664C5700086E763 /* Build configuration list for PBXNativeTarget "vagemcastTests" */ = {
			isa = XCConfigurationList;
			buildConfigurations = (
				CFA054D92664C5700086E763 /* Debug */,
				CFA054DA2664C5700086E763 /* Release */,
			);
			defaultConfigurationIsVisible = 0;
			defaultConfigurationName = Release;
		};
		CFA054DB2664C5700086E763 /* Build configuration list for PBXNativeTarget "vagemcastUITests" */ = {
			isa = XCConfigurationList;
			buildConfigurations = (
				CFA054DC2664C5700086E763 /* Debug */,
				CFA054DD2664C5700086E763 /* Release */,
			);
			defaultConfigurationIsVisible = 0;
			defaultConfigurationName = Release;
		};
/* End XCConfigurationList section */
	};
	rootObject = CFA054A32664C56E0086E763 /* Project object */;
}
